PODS:
  - Alamofire (4.0.0)
  - AlamofireObjectMapper (4.0.0):
    - Alamofire (~> 4.0)
    - ObjectMapper (~> 2.0)
  - BarcodeScanner (2.0.0)
  - Bolts (1.8.4):
    - Bolts/AppLinks (= 1.8.4)
    - Bolts/Tasks (= 1.8.4)
  - Bolts/AppLinks (1.8.4):
    - Bolts/Tasks
  - Bolts/Tasks (1.8.4)
  - ECSlidingViewController (2.0.3)
  - FacebookCore (0.2.0):
    - Bolts (~> 1.8)
    - FBSDKCoreKit (~> 4.15)
  - FacebookLogin (0.2.0):
    - Bolts (~> 1.8)
    - FacebookCore (~> 0.2)
    - FBSDKCoreKit (~> 4.15)
    - FBSDKLoginKit (~> 4.15)
  - FBSDKCoreKit (4.20.0):
    - Bolts (~> 1.7)
  - FBSDKLoginKit (4.20.0):
    - FBSDKCoreKit
  - FontAwesomeKit (2.2.1):
    - FontAwesomeKit/Core (= 2.2.1)
    - FontAwesomeKit/FontAwesome (= 2.2.1)
    - FontAwesomeKit/FoundationIcons (= 2.2.1)
    - FontAwesomeKit/IonIcons (= 2.2.1)
    - FontAwesomeKit/Material (= 2.2.1)
    - FontAwesomeKit/Octicons (= 2.2.1)
    - FontAwesomeKit/Zocial (= 2.2.1)
  - FontAwesomeKit/Core (2.2.1)
  - FontAwesomeKit/FontAwesome (2.2.1):
    - FontAwesomeKit/Core
  - FontAwesomeKit/FoundationIcons (2.2.1):
    - FontAwesomeKit/Core
  - FontAwesomeKit/IonIcons (2.2.1):
    - FontAwesomeKit/Core
  - FontAwesomeKit/Material (2.2.1):
    - FontAwesomeKit/Core
  - FontAwesomeKit/Octicons (2.2.1):
    - FontAwesomeKit/Core
  - FontAwesomeKit/Zocial (2.2.1):
    - FontAwesomeKit/Core
  - HexColors (5.0.1)
  - IQKeyboardManagerSwift (4.0.9)
  - ObjectMapper (2.2.6)
  - ObjectMapper+Realm (0.3):
    - ObjectMapper
    - RealmSwift
  - Realm (1.1.0):
    - Realm/Headers (= 1.1.0)
  - Realm/Headers (1.1.0)
  - RealmSwift (1.1.0):
    - Realm (= 1.1.0)
  - SearchTextField (1.1.1)
  - VCMaterialDesignIcons (2.1.1)

DEPENDENCIES:
  - Alamofire (~> 4.0)
  - AlamofireObjectMapper (~> 4.0)
  - BarcodeScanner
  - ECSlidingViewController (~> 2.0.3)
  - FacebookCore (~> 0.2.0)
  - FacebookLogin (~> 0.2.0)
  - FontAwesomeKit
  - HexColors
  - IQKeyboardManagerSwift
  - ObjectMapper (~> 2.2)
  - ObjectMapper+Realm
  - RealmSwift
  - SearchTextField
  - VCMaterialDesignIcons

SPEC CHECKSUMS:
  Alamofire: fef59f00388f267e52d9b432aa5d93dc97190f14
  AlamofireObjectMapper: 9faa3ce5a240efda1b209009a2d6e1e949227abc
  BarcodeScanner: 266ab4b479d407b74bc4b473fa5020b4523ad9e3
  Bolts: 8a7995239dbe724f9cba2248b766d48b7ebdd322
  ECSlidingViewController: 6485c14f23b4487e9946535421ca8f111f86cc53
  FacebookCore: 2cb3f0fbff218e9d3119cec84bae983b232412de
  FacebookLogin: c9d606504735780a9e3002465a615512e0a691a5
  FBSDKCoreKit: 2d16979b28fe28c2b95af0d275ad5f9703c6c8de
  FBSDKLoginKit: a9d9391506c687e2304a590bf9312837fce7f375
  FontAwesomeKit: 3614979b3dbb0ec3f7fac1bd760b91f66c31db67
  HexColors: d642e696de77aa919584012e80bf62a4b099cee1
  IQKeyboardManagerSwift: 2eefe6c429b86aa08bfbc1b5c891164d754adf91
  ObjectMapper: 042708195cc46c20871cbcbec0453826398273fd
  ObjectMapper+Realm: 98992926f775a4fdf1c025541b97c78119f15b8a
  Realm: ceecf1a4540c4ce9efe196fe73fa9855bce05bd8
  RealmSwift: 838058b2db95b12cb86bd0cf209df642c33fb60a
  SearchTextField: 13ee7bb4e89b1ce598611556f3d4c93604c8b97c
  VCMaterialDesignIcons: 68a944308ab41282ba8555770cb57e3fbf2034be

PODFILE CHECKSUM: d771ab3edb9e41f39df2abbd3b9f4bab3e2aee99

COCOAPODS: 1.2.0
